
Microsoft Visual Studio Solution File, Format Version 12.00
# Visual Studio Version 16
VisualStudioVersion = 16.0.30804.86
MinimumVisualStudioVersion = 10.0.40219.1
Project("{888888A0-9F3D-457C-B088-3A5042F75D52}") = "square test", "square test\square test.pyproj", "{C87A01A4-F563-43C3-B01C-17C635ED8344}"
EndProject
Global
	GlobalSection(SolutionConfigurationPlatforms) = preSolution
		Debug|Any CPU = Debug|Any CPU
		Release|Any CPU = Release|Any CPU
	EndGlobalSection
	GlobalSection(ProjectConfigurationPlatforms) = postSolution
		{C87A01A4-F563-43C3-B01C-17C635ED8344}.Debug|Any CPU.ActiveCfg = Debug|Any CPU
		{C87A01A4-F563-43C3-B01C-17C635ED8344}.Release|Any CPU.ActiveCfg = Release|Any CPU
	EndGlobalSection
	GlobalSection(SolutionProperties) = preSolution
		HideSolutionNode = FALSE
	EndGlobalSection
	GlobalSection(ExtensibilityGlobals) = postSolution
		SolutionGuid = {1D9194BE-F366-4392-9B6E-E1CA40F2A287}
	EndGlobalSection
EndGlobal
